{
  "pins" : [
    {
      "identity" : "reachability",
      "kind" : "remoteSourceControl",
      "location" : "https://github.com/tonymillion/Reachability",
      "state" : {
        "branch" : "master",
        "revision" : "8d7cc7be2f6ad0e1d4eee94653388d1fa6d453fc"
      }
    }
  ],
  "version" : 2
}
